// !$*UTF8*$!
{
	archiveVersion = 1;
	classes = {
	};
	objectVersion = 46;
	objects = {

/* Begin PBXBuildFile section */
		166DB1C71B14CFE6007C83C4 /* AppDelegate.swift in Sources */ = {isa = PBXBuildFile; fileRef = 166DB1C61B14CFE6007C83C4 /* AppDelegate.swift */; };
		166DB1C91B14CFE6007C83C4 /* ViewController.swift in Sources */ = {isa = PBXBuildFile; fileRef = 166DB1C81B14CFE6007C83C4 /* ViewController.swift */; };
		166DB1CC1B14CFE6007C83C4 /* Main.storyboard in Resources */ = {isa = PBXBuildFile; fileRef = 166DB1CA1B14CFE6007C83C4 /* Main.storyboard */; };
		166DB1CE1B14CFE6007C83C4 /* Images.xcassets in Resources */ = {isa = PBXBuildFile; fileRef = 166DB1CD1B14CFE6007C83C4 /* Images.xcassets */; };
		166DB1D11B14CFE6007C83C4 /* LaunchScreen.xib in Resources */ = {isa = PBXBuildFile; fileRef = 166DB1CF1B14CFE6007C83C4 /* LaunchScreen.xib */; };
		166DB1DD1B14CFE7007C83C4 /* PostcardTests.swift in Sources */ = {isa = PBXBuildFile; fileRef = 166DB1DC1B14CFE7007C83C4 /* PostcardTests.swift */; };
/* End PBXBuildFile section */

/* Begin PBXContainerItemProxy section */
		166DB1D71B14CFE7007C83C4 /* PBXContainerItemProxy */ = {
			isa = PBXContainerItemProxy;
			containerPortal = 166DB1B91B14CFE6007C83C4 /* Project object */;
			proxyType = 1;
			remoteGlobalIDString = 166DB1C01B14CFE6007C83C4;
			remoteInfo = Postcard;
		};
/* End PBXContainerItemProxy section */

/* Begin PBXFileReference section */
		166DB1C11B14CFE6007C83C4 /* Postcard.app */ = {isa = PBXFileReference; explicitFileType = wrapper.application; includeInIndex = 0; path = Postcard.app; sourceTree = BUILT_PRODUCTS_DIR; };
		166DB1C51B14CFE6007C83C4 /* Info.plist */ = {isa = PBXFileReference; lastKnownFileType = text.plist.xml; path = Info.plist; sourceTree = "<group>"; };
		166DB1C61B14CFE6007C83C4 /* AppDelegate.swift */ = {isa = PBXFileReference; lastKnownFileType = sourcecode.swift; path = AppDelegate.swift; sourceTree = "<group>"; };
		166DB1C81B14CFE6007C83C4 /* ViewController.swift */ = {isa = PBXFileReference; lastKnownFileType = sourcecode.swift; path = ViewController.swift; sourceTree = "<group>"; };
		166DB1CB1B14CFE6007C83C4 /* Base */ = {isa = PBXFileReference; lastKnownFileType = file.storyboard; name = Base; path = Base.lproj/Main.storyboard; sourceTree = "<group>"; };
		166DB1CD1B14CFE6007C83C4 /* Images.xcassets */ = {isa = PBXFileReference; lastKnownFileType = folder.assetcatalog; path = Images.xcassets; sourceTree = "<group>"; };
		166DB1D01B14CFE6007C83C4 /* Base */ = {isa = PBXFileReference; lastKnownFileType = file.xib; name = Base; path = Base.lproj/LaunchScreen.xib; sourceTree = "<group>"; };
		166DB1D61B14CFE7007C83C4 /* PostcardTests.xctest */ = {isa = PBXFileReference; explicitFileType = wrapper.cfbundle; includeInIndex = 0; path = PostcardTests.xctest; sourceTree = BUILT_PRODUCTS_DIR; };
		166DB1DB1B14CFE7007C83C4 /* Info.plist */ = {isa = PBXFileReference; lastKnownFileType = text.plist.xml; path = Info.plist; sourceTree = "<group>"; };
		166DB1DC1B14CFE7007C83C4 /* PostcardTests.swift */ = {isa = PBXFileReference; lastKnownFileType = sourcecode.swift; path = PostcardTests.swift; sourceTree = "<group>"; };
/* End PBXFileReference section */

/* Begin PBXFrameworksBuildPhase section */
		166DB1BE1B14CFE6007C83C4 /* Frameworks */ = {
			isa = PBXFrameworksBuildPhase;
			buildActionMask = 2147483647;
			files = (
			);
			runOnlyForDeploymentPostprocessing = 0;
		};
		166DB1D31B14CFE7007C83C4 /* Frameworks */ = {
			isa = PBXFrameworksBuildPhase;
			buildActionMask = 2147483647;
			files = (
			);
			runOnlyForDeploymentPostprocessing = 0;
		};
/* End PBXFrameworksBuildPhase section */

/* Begin PBXGroup section */
		166DB1B81B14CFE6007C83C4 = {
			isa = PBXGroup;
			children = (
				166DB1C31B14CFE6007C83C4 /* Postcard */,
				166DB1D91B14CFE7007C83C4 /* PostcardTests */,
				166DB1C21B14CFE6007C83C4 /* Products */,
			);
			sourceTree = "<group>";
		};
		166DB1C21B14CFE6007C83C4 /* Products */ = {
			isa = PBXGroup;
			children = (
				166DB1C11B14CFE6007C83C4 /* Postcard.app */,
				166DB1D61B14CFE7007C83C4 /* PostcardTests.xctest */,
			);
			name = Products;
			sourceTree = "<group>";
		};
		166DB1C31B14CFE6007C83C4 /* Postcard */ = {
			isa = PBXGroup;
			children = (
				166DB1C61B14CFE6007C83C4 /* AppDelegate.swift */,
				166DB1C81B14CFE6007C83C4 /* ViewController.swift */,
				166DB1CA1B14CFE6007C83C4 /* Main.storyboard */,
				166DB1CD1B14CFE6007C83C4 /* Images.xcassets */,
				166DB1CF1B14CFE6007C83C4 /* LaunchScreen.xib */,
				166DB1C41B14CFE6007C83C4 /* Supporting Files */,
			);
			path = Postcard;
			sourceTree = "<group>";
		};
		166DB1C41B14CFE6007C83C4 /* Supporting Files */ = {
			isa = PBXGroup;
			children = (
				166DB1C51B14CFE6007C83C4 /* Info.plist */,
			);
			name = "Supporting Files";
			sourceTree = "<group>";
		};
		166DB1D91B14CFE7007C83C4 /* PostcardTests */ = {
			isa = PBXGroup;
			children = (
				166DB1DC1B14CFE7007C83C4 /* PostcardTests.swift */,
				166DB1DA1B14CFE7007C83C4 /* Supporting Files */,
			);
			path = PostcardTests;
			sourceTree = "<group>";
		};
		166DB1DA1B14CFE7007C83C4 /* Supporting Files */ = {
			isa = PBXGroup;
			children = (
				166DB1DB1B14CFE7007C83C4 /* Info.plist */,
			);
			name = "Supporting Files";
			sourceTree = "<group>";
		};
/* End PBXGroup section */

/* Begin PBXNativeTarget section */
		166DB1C01B14CFE6007C83C4 /* Postcard */ = {
			isa = PBXNativeTarget;
			buildConfigurationList = 166DB1E01B14CFE7007C83C4 /* Build configuration list for PBXNativeTarget "Postcard" */;
			buildPhases = (
				166DB1BD1B14CFE6007C83C4 /* Sources */,
				166DB1BE1B14CFE6007C83C4 /* Frameworks */,
				166DB1BF1B14CFE6007C83C4 /* Resources */,
			);
			buildRules = (
			);
			dependencies = (
			);
			name = Postcard;
			productName = Postcard;
			productReference = 166DB1C11B14CFE6007C83C4 /* Postcard.app */;
			productType = "com.apple.product-type.application";
		};
		166DB1D51B14CFE7007C83C4 /* PostcardTests */ = {
			isa = PBXNativeTarget;
			buildConfigurationList = 166DB1E31B14CFE7007C83C4 /* Build configuration list for PBXNativeTarget "PostcardTests" */;
			buildPhases = (
				166DB1D21B14CFE7007C83C4 /* Sources */,
				166DB1D31B14CFE7007C83C4 /* Frameworks */,
				166DB1D41B14CFE7007C83C4 /* Resources */,
			);
			buildRules = (
			);
			dependencies = (
				166DB1D81B14CFE7007C83C4 /* PBXTargetDependency */,
			);
			name = PostcardTests;
			productName = PostcardTests;
			productReference = 166DB1D61B14CFE7007C83C4 /* PostcardTests.xctest */;
			productType = "com.apple.product-type.bundle.unit-test";
		};
/* End PBXNativeTarget section */

/* Begin PBXProject section */
		166DB1B91B14CFE6007C83C4 /* Project object */ = {
			isa = PBXProject;
			attributes = {
				LastUpgradeCheck = 0630;
				ORGANIZATIONNAME = "Patrick Largen";
				TargetAttributes = {
					166DB1C01B14CFE6007C83C4 = {
						CreatedOnToolsVersion = 6.3.2;
					};
					166DB1D51B14CFE7007C83C4 = {
						CreatedOnToolsVersion = 6.3.2;
						TestTargetID = 166DB1C01B14CFE6007C83C4;
					};
				};
			};
			buildConfigurationList = 166DB1BC1B14CFE6007C83C4 /* Build configuration list for PBXProject "Postcard" */;
			compatibilityVersion = "Xcode 3.2";
			developmentRegion = English;
			hasScannedForEncodings = 0;
			knownRegions = (
				en,
				Base,
			);
			mainGroup = 166DB1B81B14CFE6007C83C4;
			productRefGroup = 166DB1C21B14CFE6007C83C4 /* Products */;
			projectDirPath = "";
			projectRoot = "";
			targets = (
				166DB1C01B14CFE6007C83C4 /* Postcard */,
				166DB1D51B14CFE7007C83C4 /* PostcardTests */,
			);
		};
/* End PBXProject section */

/* Begin PBXResourcesBuildPhase section */
		166DB1BF1B14CFE6007C83C4 /* Resources */ = {
			isa = PBXResourcesBuildPhase;
			buildActionMask = 2147483647;
			files = (
				166DB1CC1B14CFE6007C83C4 /* Main.storyboard in Resources */,
				166DB1D11B14CFE6007C83C4 /* LaunchScreen.xib in Resources */,
				166DB1CE1B14CFE6007C83C4 /* Images.xcassets in Resources */,
			);
			runOnlyForDeploymentPostprocessing = 0;
		};
		166DB1D41B14CFE7007C83C4 /* Resources */ = {
			isa = PBXResourcesBuildPhase;
			buildActionMask = 2147483647;
			files = (
			);
			runOnlyForDeploymentPostprocessing = 0;
		};
/* End PBXResourcesBuildPhase section */

/* Begin PBXSourcesBuildPhase section */
		166DB1BD1B14CFE6007C83C4 /* Sources */ = {
			isa = PBXSourcesBuildPhase;
			buildActionMask = 2147483647;
			files = (
				166DB1C91B14CFE6007C83C4 /* ViewController.swift in Sources */,
				166DB1C71B14CFE6007C83C4 /* AppDelegate.swift in Sources */,
			);
			runOnlyForDeploymentPostprocessing = 0;
		};
		166DB1D21B14CFE7007C83C4 /* Sources */ = {
			isa = PBXSourcesBuildPhase;
			buildActionMask = 2147483647;
			files = (
				166DB1DD1B14CFE7007C83C4 /* PostcardTests.swift in Sources */,
			);
			runOnlyForDeploymentPostprocessing = 0;
		};
/* End PBXSourcesBuildPhase section */

/* Begin PBXTargetDependency section */
		166DB1D81B14CFE7007C83C4 /* PBXTargetDependency */ = {
			isa = PBXTargetDependency;
			target = 166DB1C01B14CFE6007C83C4 /* Postcard */;
			targetProxy = 166DB1D71B14CFE7007C83C4 /* PBXContainerItemProxy */;
		};
/* End PBXTargetDependency section */

/* Begin PBXVariantGroup section */
		166DB1CA1B14CFE6007C83C4 /* Main.storyboard */ = {
			isa = PBXVariantGroup;
			children = (
				166DB1CB1B14CFE6007C83C4 /* Base */,
			);
			name = Main.storyboard;
			sourceTree = "<group>";
		};
		166DB1CF1B14CFE6007C83C4 /* LaunchScreen.xib */ = {
			isa = PBXVariantGroup;
			children = (
				166DB1D01B14CFE6007C83C4 /* Base */,
			);
			name = LaunchScreen.xib;
			sourceTree = "<group>";
		};
/* End PBXVariantGroup section */

/* Begin XCBuildConfiguration section */
		166DB1DE1B14CFE7007C83C4 /* Debug */ = {
			isa = XCBuildConfiguration;
			buildSettings = {
				ALWAYS_SEARCH_USER_PATHS = NO;
				CLANG_CXX_LANGUAGE_STANDARD = "gnu++0x";
				CLANG_CXX_LIBRARY = "libc++";
				CLANG_ENABLE_MODULES = YES;
				CLANG_ENABLE_OBJC_ARC = YES;
				CLANG_WARN_BOOL_CONVERSION = YES;
				CLANG_WARN_CONSTANT_CONVERSION = YES;
				CLANG_WARN_DIRECT_OBJC_ISA_USAGE = YES_ERROR;
				CLANG_WARN_EMPTY_BODY = YES;
				CLANG_WARN_ENUM_CONVERSION = YES;
				CLANG_WARN_INT_CONVERSION = YES;
				CLANG_WARN_OBJC_ROOT_CLASS = YES_ERROR;
				CLANG_WARN_UNREACHABLE_CODE = YES;
				CLANG_WARN__DUPLICATE_METHOD_MATCH = YES;
				"CODE_SIGN_IDENTITY[sdk=iphoneos*]" = "iPhone Developer";
				COPY_PHASE_STRIP = NO;
				DEBUG_INFORMATION_FORMAT = "dwarf-with-dsym";
				ENABLE_STRICT_OBJC_MSGSEND = YES;
				GCC_C_LANGUAGE_STANDARD = gnu99;
				GCC_DYNAMIC_NO_PIC = NO;
				GCC_NO_COMMON_BLOCKS = YES;
				GCC_OPTIMIZATION_LEVEL = 0;
				GCC_PREPROCESSOR_DEFINITIONS = (
					"DEBUG=1",
					"$(inherited)",
				);
				GCC_SYMBOLS_PRIVATE_EXTERN = NO;
				GCC_WARN_64_TO_32_BIT_CONVERSION = YES;
				GCC_WARN_ABOUT_RETURN_TYPE = YES_ERROR;
				GCC_WARN_UNDECLARED_SELECTOR = YES;
				GCC_WARN_UNINITIALIZED_AUTOS = YES_AGGRESSIVE;
				GCC_WARN_UNUSED_FUNCTION = YES;
				GCC_WARN_UNUSED_VARIABLE = YES;
				IPHONEOS_DEPLOYMENT_TARGET = 8.3;
				MTL_ENABLE_DEBUG_INFO = YES;
				ONLY_ACTIVE_ARCH = YES;
				SDKROOT = iphoneos;
				SWIFT_OPTIMIZATION_LEVEL = "-Onone";
				TARGETED_DEVICE_FAMILY = "1,2";
			};
			name = Debug;
		};
		166DB1DF1B14CFE7007C83C4 /* Release */ = {
			isa = XCBuildConfiguration;
			buildSettings = {
				ALWAYS_SEARCH_USER_PATHS = NO;
				CLANG_CXX_LANGUAGE_STANDARD = "gnu++0x";
				CLANG_CXX_LIBRARY = "libc++";
				CLANG_ENABLE_MODULES = YES;
				CLANG_ENABLE_OBJC_ARC = YES;
				CLANG_WARN_BOOL_CONVERSION = YES;
				CLANG_WARN_CONSTANT_CONVERSION = YES;
				CLANG_WARN_DIRECT_OBJC_ISA_USAGE = YES_ERROR;
				CLANG_WARN_EMPTY_BODY = YES;
				CLANG_WARN_ENUM_CONVERSION = YES;
				CLANG_WARN_INT_CONVERSION = YES;
				CLANG_WARN_OBJC_ROOT_CLASS = YES_ERROR;
				CLANG_WARN_UNREACHABLE_CODE = YES;
				CLANG_WARN__DUPLICATE_METHOD_MATCH = YES;
				"CODE_SIGN_IDENTITY[sdk=iphoneos*]" = "iPhone Developer";
				COPY_PHASE_STRIP = NO;
				DEBUG_INFORMATION_FORMAT = "dwarf-with-dsym";
				ENABLE_NS_ASSERTIONS = NO;
				ENABLE_STRICT_OBJC_MSGSEND = YES;
				GCC_C_LANGUAGE_STANDARD = gnu99;
				GCC_NO_COMMON_BLOCKS = YES;
				GCC_WARN_64_TO_32_BIT_CONVERSION = YES;
				GCC_WARN_ABOUT_RETURN_TYPE = YES_ERROR;
				GCC_WARN_UNDECLARED_SELECTOR = YES;
				GCC_WARN_UNINITIALIZED_AUTOS = YES_AGGRESSIVE;
				GCC_WARN_UNUSED_FUNCTION = YES;
				GCC_WARN_UNUSED_VARIABLE = YES;
				IPHONEOS_DEPLOYMENT_TARGET = 8.3;
				MTL_ENABLE_DEBUG_INFO = NO;
				SDKROOT = iphoneos;
				TARGETED_DEVICE_FAMILY = "1,2";
				VALIDATE_PRODUCT = YES;
			};
			name = Release;
		};
		166DB1E11B14CFE7007C83C4 /* Debug */ = {
			isa = XCBuildConfiguration;
			buildSettings = {
				ASSETCATALOG_COMPILER_APPICON_NAME = AppIcon;
				INFOPLIST_FILE = Postcard/Info.plist;
				LD_RUNPATH_SEARCH_PATHS = "$(inherited) @executable_path/Frameworks";
				PRODUCT_NAME = "$(TARGET_NAME)";
			};
			name = Debug;
		};
		166DB1E21B14CFE7007C83C4 /* Release */ = {
			isa = XCBuildConfiguration;
			buildSettings = {
				ASSETCATALOG_COMPILER_APPICON_NAME = AppIcon;
				INFOPLIST_FILE = Postcard/Info.plist;
				LD_RUNPATH_SEARCH_PATHS = "$(inherited) @executable_path/Frameworks";
				PRODUCT_NAME = "$(TARGET_NAME)";
			};
			name = Release;
		};
		166DB1E41B14CFE7007C83C4 /* Debug */ = {
			isa = XCBuildConfiguration;
			buildSettings = {
				BUNDLE_LOADER = "$(TEST_HOST)";
				FRAMEWORK_SEARCH_PATHS = (
					"$(SDKROOT)/Developer/Library/Frameworks",
					"$(inherited)",
				);
				GCC_PREPROCESSOR_DEFINITIONS = (
					"DEBUG=1",
					"$(inherited)",
				);
				INFOPLIST_FILE = PostcardTests/Info.plist;
				LD_RUNPATH_SEARCH_PATHS = "$(inherited) @executable_path/Frameworks @loader_path/Frameworks";
				PRODUCT_NAME = "$(TARGET_NAME)";
				TEST_HOST = "$(BUILT_PRODUCTS_DIR)/Postcard.app/Postcard";
			};
			name = Debug;
		};
		166DB1E51B14CFE7007C83C4 /* Release */ = {
			isa = XCBuildConfiguration;
			buildSettings = {
				BUNDLE_LOADER = "$(TEST_HOST)";
				FRAMEWORK_SEARCH_PATHS = (
					"$(SDKROOT)/Developer/Library/Frameworks",
					"$(inherited)",
				);
				INFOPLIST_FILE = PostcardTests/Info.plist;
				LD_RUNPATH_SEARCH_PATHS = "$(inherited) @executable_path/Frameworks @loader_path/Frameworks";
				PRODUCT_NAME = "$(TARGET_NAME)";
				TEST_HOST = "$(BUILT_PRODUCTS_DIR)/Postcard.app/Postcard";
			};
			name = Release;
		};
/* End XCBuildConfiguration section */

/* Begin XCConfigurationList section */
		166DB1BC1B14CFE6007C83C4 /* Build configuration list for PBXProject "Postcard" */ = {
			isa = XCConfigurationList;
			buildConfigurations = (
				166DB1DE1B14CFE7007C83C4 /* Debug */,
				166DB1DF1B14CFE7007C83C4 /* Release */,
			);
			defaultConfigurationIsVisible = 0;
			defaultConfigurationName = Release;
		};
		166DB1E01B14CFE7007C83C4 /* Build configuration list for PBXNativeTarget "Postcard" */ = {
			isa = XCConfigurationList;
			buildConfigurations = (
				166DB1E11B14CFE7007C83C4 /* Debug */,
				166DB1E21B14CFE7007C83C4 /* Release */,
			);
			defaultConfigurationIsVisible = 0;
		};
		166DB1E31B14CFE7007C83C4 /* Build configuration list for PBXNativeTarget "PostcardTests" */ = {
			isa = XCConfigurationList;
			buildConfigurations = (
				166DB1E41B14CFE7007C83C4 /* Debug */,
				166DB1E51B14CFE7007C83C4 /* Release */,
			);
			defaultConfigurationIsVisible = 0;
		};
/* End XCConfigurationList section */
	};
	rootObject = 166DB1B91B14CFE6007C83C4 /* Project object */;
}
